
Microsoft Visual Studio Solution File, Format Version 12.00
# Visual Studio Version 17
VisualStudioVersion = 17.9.34714.143
MinimumVisualStudioVersion = 10.0.40219.1
Project("{FAE04EC0-301F-11D3-BF4B-00C04F79EFBC}") = "API", "API.csproj", "{194FC97A-3F8A-4563-95C8-7E4AB04ED285}"
EndProject
Global
	GlobalSection(SolutionConfigurationPlatforms) = preSolution
		Debug|Any CPU = Debug|Any CPU
		Release|Any CPU = Release|Any CPU
	EndGlobalSection
	GlobalSection(ProjectConfigurationPlatforms) = postSolution
		{194FC97A-3F8A-4563-95C8-7E4AB04ED285}.Debug|Any CPU.ActiveCfg = Debug|Any CPU
		{194FC97A-3F8A-4563-95C8-7E4AB04ED285}.Debug|Any CPU.Build.0 = Debug|Any CPU
		{194FC97A-3F8A-4563-95C8-7E4AB04ED285}.Release|Any CPU.ActiveCfg = Release|Any CPU
		{194FC97A-3F8A-4563-95C8-7E4AB04ED285}.Release|Any CPU.Build.0 = Release|Any CPU
	EndGlobalSection
	GlobalSection(SolutionProperties) = preSolution
		HideSolutionNode = FALSE
	EndGlobalSection
	GlobalSection(ExtensibilityGlobals) = postSolution
		SolutionGuid = {567F5AD0-ABE9-4945-B3C5-AF31BCFDF5FC}
	EndGlobalSection
EndGlobal
